
Microsoft Visual Studio Solution File, Format Version 12.00
# Visual Studio 15
VisualStudioVersion = 15.0.28010.2016
MinimumVisualStudioVersion = 10.0.40219.1
Project("{8BC9CEB8-8B4A-11D0-8D11-00A0C91BC942}") = "FuelEconomyCalculator", "FuelEconomyCalculator\FuelEconomyCalculator.vcxproj", "{F42EAC8A-784B-4368-A822-2DE6D5162C1A}"
EndProject
Global
	GlobalSection(SolutionConfigurationPlatforms) = preSolution
		Debug|x64 = Debug|x64
		Debug|x86 = Debug|x86
		Release|x64 = Release|x64
		Release|x86 = Release|x86
	EndGlobalSection
	GlobalSection(ProjectConfigurationPlatforms) = postSolution
		{F42EAC8A-784B-4368-A822-2DE6D5162C1A}.Debug|x64.ActiveCfg = Debug|x64
		{F42EAC8A-784B-4368-A822-2DE6D5162C1A}.Debug|x64.Build.0 = Debug|x64
		{F42EAC8A-784B-4368-A822-2DE6D5162C1A}.Debug|x86.ActiveCfg = Debug|Win32
		{F42EAC8A-784B-4368-A822-2DE6D5162C1A}.Debug|x86.Build.0 = Debug|Win32
		{F42EAC8A-784B-4368-A822-2DE6D5162C1A}.Release|x64.ActiveCfg = Release|x64
		{F42EAC8A-784B-4368-A822-2DE6D5162C1A}.Release|x64.Build.0 = Release|x64
		{F42EAC8A-784B-4368-A822-2DE6D5162C1A}.Release|x86.ActiveCfg = Release|Win32
		{F42EAC8A-784B-4368-A822-2DE6D5162C1A}.Release|x86.Build.0 = Release|Win32
	EndGlobalSection
	GlobalSection(SolutionProperties) = preSolution
		HideSolutionNode = FALSE
	EndGlobalSection
	GlobalSection(ExtensibilityGlobals) = postSolution
		SolutionGuid = {E256D8E5-2662-4282-A401-B7E2BB57DBFC}
	EndGlobalSection
EndGlobal
